
Microsoft Visual Studio Solution File, Format Version 12.00
# Visual Studio 15
VisualStudioVersion = 15.0.28307.1259
MinimumVisualStudioVersion = 10.0.40219.1
Project("{8BC9CEB8-8B4A-11D0-8D11-00A0C91BC942}") = "HW", "HW\HW.vcxproj", "{73E8AF22-D9BB-4461-BEB1-85CD24364EEA}"
EndProject
Global
	GlobalSection(SolutionConfigurationPlatforms) = preSolution
		Debug|x64 = Debug|x64
		Debug|x86 = Debug|x86
		Release|x64 = Release|x64
		Release|x86 = Release|x86
	EndGlobalSection
	GlobalSection(ProjectConfigurationPlatforms) = postSolution
		{73E8AF22-D9BB-4461-BEB1-85CD24364EEA}.Debug|x64.ActiveCfg = Debug|x64
		{73E8AF22-D9BB-4461-BEB1-85CD24364EEA}.Debug|x64.Build.0 = Debug|x64
		{73E8AF22-D9BB-4461-BEB1-85CD24364EEA}.Debug|x86.ActiveCfg = Debug|Win32
		{73E8AF22-D9BB-4461-BEB1-85CD24364EEA}.Debug|x86.Build.0 = Debug|Win32
		{73E8AF22-D9BB-4461-BEB1-85CD24364EEA}.Release|x64.ActiveCfg = Release|x64
		{73E8AF22-D9BB-4461-BEB1-85CD24364EEA}.Release|x64.Build.0 = Release|x64
		{73E8AF22-D9BB-4461-BEB1-85CD24364EEA}.Release|x86.ActiveCfg = Release|Win32
		{73E8AF22-D9BB-4461-BEB1-85CD24364EEA}.Release|x86.Build.0 = Release|Win32
	EndGlobalSection
	GlobalSection(SolutionProperties) = preSolution
		HideSolutionNode = FALSE
	EndGlobalSection
	GlobalSection(ExtensibilityGlobals) = postSolution
		SolutionGuid = {9ED3C3A4-42E9-4E12-8B76-42A7020C8674}
	EndGlobalSection
EndGlobal
